
Microsoft Visual Studio Solution File, Format Version 12.00
# Visual Studio Version 17
VisualStudioVersion = 17.9.34728.123
MinimumVisualStudioVersion = 10.0.40219.1
Project("{9A19103F-16F7-4668-BE54-9A1E7A4F7556}") = "Archivebate-Scraper", "Archivebate-Scraper\Archivebate-Scraper.csproj", "{201381D1-883C-4C24-84C1-62A7AC39C989}"
EndProject
Global
	GlobalSection(SolutionConfigurationPlatforms) = preSolution
		Debug|Any CPU = Debug|Any CPU
		Release|Any CPU = Release|Any CPU
	EndGlobalSection
	GlobalSection(ProjectConfigurationPlatforms) = postSolution
		{201381D1-883C-4C24-84C1-62A7AC39C989}.Debug|Any CPU.ActiveCfg = Debug|Any CPU
		{201381D1-883C-4C24-84C1-62A7AC39C989}.Debug|Any CPU.Build.0 = Debug|Any CPU
		{201381D1-883C-4C24-84C1-62A7AC39C989}.Release|Any CPU.ActiveCfg = Release|Any CPU
		{201381D1-883C-4C24-84C1-62A7AC39C989}.Release|Any CPU.Build.0 = Release|Any CPU
	EndGlobalSection
	GlobalSection(SolutionProperties) = preSolution
		HideSolutionNode = FALSE
	EndGlobalSection
	GlobalSection(ExtensibilityGlobals) = postSolution
		SolutionGuid = {8B854505-0446-438E-90E5-E5ED6A14494B}
	EndGlobalSection
EndGlobal
